// !$*UTF8*$!
{
	archiveVersion = 1;
	classes = {
	};
	objectVersion = 46;
	objects = {

/* Begin PBXBuildFile section */
		614AE6066B344063BE1ACD77 /* libPods.a in Frameworks */ = {isa = PBXBuildFile; fileRef = 7BAC4A0FAB6D458B929F74F0 /* libPods.a */; };
		B00A9080190E7B55001499BF /* StoreKit.framework in Frameworks */ = {isa = PBXBuildFile; fileRef = B00A907F190E7B54001499BF /* StoreKit.framework */; };
		B00A9083190E8019001499BF /* setting.png in Resources */ = {isa = PBXBuildFile; fileRef = B00A9081190E8019001499BF /* setting.png */; };
		B00A9084190E8019001499BF /* setting@2x.png in Resources */ = {isa = PBXBuildFile; fileRef = B00A9082190E8019001499BF /* setting@2x.png */; };
		B00A9088190E893F001499BF /* MMBaseTableViewController.m in Sources */ = {isa = PBXBuildFile; fileRef = B00A9087190E893E001499BF /* MMBaseTableViewController.m */; };
		B00A908B190E9466001499BF /* MMSettingsViewController.m in Sources */ = {isa = PBXBuildFile; fileRef = B00A908A190E9466001499BF /* MMSettingsViewController.m */; };
		B00A909A1914BF41001499BF /* UIColor+Hex.m in Sources */ = {isa = PBXBuildFile; fileRef = B00A90991914BF41001499BF /* UIColor+Hex.m */; };
		B00A90A019173870001499BF /* MMSplashViewController.m in Sources */ = {isa = PBXBuildFile; fileRef = B00A909E19173870001499BF /* MMSplashViewController.m */; };
		B00A90A119173870001499BF /* MMSplashViewController.xib in Resources */ = {isa = PBXBuildFile; fileRef = B00A909F19173870001499BF /* MMSplashViewController.xib */; };
		B0214C7116EA28AE00431BEC /* QuartzCore.framework in Frameworks */ = {isa = PBXBuildFile; fileRef = B0214C7016EA28AE00431BEC /* QuartzCore.framework */; };
		B0329584190BED990076205A /* Podfile in Resources */ = {isa = PBXBuildFile; fileRef = B0329583190BED990076205A /* Podfile */; };
		B0329590190CE8E90076205A /* list.png in Resources */ = {isa = PBXBuildFile; fileRef = B0329588190CE8E90076205A /* list.png */; };
		B0329591190CE8E90076205A /* list@2x.png in Resources */ = {isa = PBXBuildFile; fileRef = B0329589190CE8E90076205A /* list@2x.png */; };
		B0329592190CE8E90076205A /* location.png in Resources */ = {isa = PBXBuildFile; fileRef = B032958A190CE8E90076205A /* location.png */; };
		B0329593190CE8E90076205A /* location@2x.png in Resources */ = {isa = PBXBuildFile; fileRef = B032958B190CE8E90076205A /* location@2x.png */; };
		B0329594190CE8E90076205A /* search.png in Resources */ = {isa = PBXBuildFile; fileRef = B032958C190CE8E90076205A /* search.png */; };
		B0329595190CE8E90076205A /* search@2x.png in Resources */ = {isa = PBXBuildFile; fileRef = B032958D190CE8E90076205A /* search@2x.png */; };
		B0329596190CE8E90076205A /* trash.png in Resources */ = {isa = PBXBuildFile; fileRef = B032958E190CE8E90076205A /* trash.png */; };
		B0329597190CE8E90076205A /* trash@2x.png in Resources */ = {isa = PBXBuildFile; fileRef = B032958F190CE8E90076205A /* trash@2x.png */; };
		B03909A6169496E300A13586 /* CoreData.framework in Frameworks */ = {isa = PBXBuildFile; fileRef = B03909A5169496E300A13586 /* CoreData.framework */; };
		B03909A8169496ED00A13586 /* SystemConfiguration.framework in Frameworks */ = {isa = PBXBuildFile; fileRef = B03909A7169496ED00A13586 /* SystemConfiguration.framework */; };
		B041808F16464F37000CD118 /* MMListViewController.m in Sources */ = {isa = PBXBuildFile; fileRef = B041808E16464F37000CD118 /* MMListViewController.m */; };
		B04180911646658D000CD118 /* iAd.framework in Frameworks */ = {isa = PBXBuildFile; fileRef = B04180901646658D000CD118 /* iAd.framework */; };
		B04CD56116EA1F6100FCF3B6 /* MMLocationInformationViewController.m in Sources */ = {isa = PBXBuildFile; fileRef = B04CD56016EA1F6100FCF3B6 /* MMLocationInformationViewController.m */; };
		B05F4956164FC6C2007B6F1C /* Localizable.strings in Resources */ = {isa = PBXBuildFile; fileRef = B05F4958164FC6C2007B6F1C /* Localizable.strings */; };
		B09EFFE116EAF2C800E7067B /* MMLicenseViewContoller.m in Sources */ = {isa = PBXBuildFile; fileRef = B09EFFE016EAF2C800E7067B /* MMLicenseViewContoller.m */; };
		B0AA6691191773840005D5D4 /* MainStoryboard_iPad.storyboard in Resources */ = {isa = PBXBuildFile; fileRef = B0AA6693191773840005D5D4 /* MainStoryboard_iPad.storyboard */; };
		B0AA66A61917CE960005D5D4 /* Icon-120.png in Resources */ = {isa = PBXBuildFile; fileRef = B0AA66971917CE960005D5D4 /* Icon-120.png */; };
		B0AA66A71917CE960005D5D4 /* Icon-72.png in Resources */ = {isa = PBXBuildFile; fileRef = B0AA66981917CE960005D5D4 /* Icon-72.png */; };
		B0AA66A81917CE960005D5D4 /* Icon-72@2x.png in Resources */ = {isa = PBXBuildFile; fileRef = B0AA66991917CE960005D5D4 /* Icon-72@2x.png */; };
		B0AA66A91917CE960005D5D4 /* Icon-76.png in Resources */ = {isa = PBXBuildFile; fileRef = B0AA669A1917CE960005D5D4 /* Icon-76.png */; };
		B0AA66AA1917CE960005D5D4 /* Icon-76@2x.png in Resources */ = {isa = PBXBuildFile; fileRef = B0AA669B1917CE960005D5D4 /* Icon-76@2x.png */; };
		B0AA66AB1917CE960005D5D4 /* Icon-iPad-Spotlight-iOS7@2x.png in Resources */ = {isa = PBXBuildFile; fileRef = B0AA669C1917CE960005D5D4 /* Icon-iPad-Spotlight-iOS7@2x.png */; };
		B0AA66AC1917CE960005D5D4 /* Icon-Small-50.png in Resources */ = {isa = PBXBuildFile; fileRef = B0AA669D1917CE960005D5D4 /* Icon-Small-50.png */; };
		B0AA66AD1917CE960005D5D4 /* Icon-Small.png in Resources */ = {isa = PBXBuildFile; fileRef = B0AA669E1917CE960005D5D4 /* Icon-Small.png */; };
		B0AA66AE1917CE960005D5D4 /* Icon-Small@2x.png in Resources */ = {isa = PBXBuildFile; fileRef = B0AA669F1917CE960005D5D4 /* Icon-Small@2x.png */; };
		B0AA66AF1917CE960005D5D4 /* Icon-Spotlight-iOS7.png in Resources */ = {isa = PBXBuildFile; fileRef = B0AA66A01917CE960005D5D4 /* Icon-Spotlight-iOS7.png */; };
		B0AA66B01917CE960005D5D4 /* Icon-Spotlight-iOS7@2x.png in Resources */ = {isa = PBXBuildFile; fileRef = B0AA66A11917CE960005D5D4 /* Icon-Spotlight-iOS7@2x.png */; };
		B0AA66B11917CE960005D5D4 /* Icon.png in Resources */ = {isa = PBXBuildFile; fileRef = B0AA66A21917CE960005D5D4 /* Icon.png */; };
		B0AA66B21917CE960005D5D4 /* Icon@2x.png in Resources */ = {isa = PBXBuildFile; fileRef = B0AA66A31917CE960005D5D4 /* Icon@2x.png */; };
		B0AE46401642BB8D009B28FC /* UIKit.framework in Frameworks */ = {isa = PBXBuildFile; fileRef = B0AE463F1642BB8D009B28FC /* UIKit.framework */; };
		B0AE46421642BB8D009B28FC /* Foundation.framework in Frameworks */ = {isa = PBXBuildFile; fileRef = B0AE46411642BB8D009B28FC /* Foundation.framework */; };
		B0AE46441642BB8D009B28FC /* CoreGraphics.framework in Frameworks */ = {isa = PBXBuildFile; fileRef = B0AE46431642BB8D009B28FC /* CoreGraphics.framework */; };
		B0AE464A1642BB8D009B28FC /* InfoPlist.strings in Resources */ = {isa = PBXBuildFile; fileRef = B0AE46481642BB8D009B28FC /* InfoPlist.strings */; };
		B0AE464C1642BB8D009B28FC /* main.m in Sources */ = {isa = PBXBuildFile; fileRef = B0AE464B1642BB8D009B28FC /* main.m */; };
		B0AE46501642BB8D009B28FC /* MMAppDelegate.m in Sources */ = {isa = PBXBuildFile; fileRef = B0AE464F1642BB8D009B28FC /* MMAppDelegate.m */; };
		B0AE46521642BB8D009B28FC /* Default.png in Resources */ = {isa = PBXBuildFile; fileRef = B0AE46511642BB8D009B28FC /* Default.png */; };
		B0AE46541642BB8D009B28FC /* Default@2x.png in Resources */ = {isa = PBXBuildFile; fileRef = B0AE46531642BB8D009B28FC /* Default@2x.png */; };
		B0AE46561642BB8D009B28FC /* Default-568h@2x.png in Resources */ = {isa = PBXBuildFile; fileRef = B0AE46551642BB8D009B28FC /* Default-568h@2x.png */; };
		B0AE46591642BB8D009B28FC /* MainStoryboard.storyboard in Resources */ = {isa = PBXBuildFile; fileRef = B0AE46571642BB8D009B28FC /* MainStoryboard.storyboard */; };
		B0AE465C1642BB8D009B28FC /* MMViewController.m in Sources */ = {isa = PBXBuildFile; fileRef = B0AE465B1642BB8D009B28FC /* MMViewController.m */; };
		B0AE46671642BD44009B28FC /* MapKit.framework in Frameworks */ = {isa = PBXBuildFile; fileRef = B0AE46661642BD44009B28FC /* MapKit.framework */; };
		B0AE46691642C116009B28FC /* CoreLocation.framework in Frameworks */ = {isa = PBXBuildFile; fileRef = B0AE46681642C116009B28FC /* CoreLocation.framework */; };
		B0EA13D116F45E760022F52C /* MMCalloutButton.m in Sources */ = {isa = PBXBuildFile; fileRef = B0EA13D016F45E760022F52C /* MMCalloutButton.m */; };
		B0EA13D316F47BCE0022F52C /* licenses.html in Resources */ = {isa = PBXBuildFile; fileRef = B0EA13D216F47BCE0022F52C /* licenses.html */; };
		B0EA13D616F4D5F60022F52C /* UIViewController+MM.m in Sources */ = {isa = PBXBuildFile; fileRef = B0EA13D516F4D5F50022F52C /* UIViewController+MM.m */; };
/* End PBXBuildFile section */

/* Begin PBXFileReference section */
		4AAA6DB99E3C42328E3F7EBA /* Pods.xcconfig */ = {isa = PBXFileReference; includeInIndex = 1; lastKnownFileType = text.xcconfig; name = Pods.xcconfig; path = Pods/Pods.xcconfig; sourceTree = "<group>"; };
		7BAC4A0FAB6D458B929F74F0 /* libPods.a */ = {isa = PBXFileReference; explicitFileType = archive.ar; includeInIndex = 0; path = libPods.a; sourceTree = BUILT_PRODUCTS_DIR; };
		B00A907F190E7B54001499BF /* StoreKit.framework */ = {isa = PBXFileReference; lastKnownFileType = wrapper.framework; name = StoreKit.framework; path = System/Library/Frameworks/StoreKit.framework; sourceTree = SDKROOT; };
		B00A9081190E8019001499BF /* setting.png */ = {isa = PBXFileReference; lastKnownFileType = image.png; path = setting.png; sourceTree = "<group>"; };
		B00A9082190E8019001499BF /* setting@2x.png */ = {isa = PBXFileReference; lastKnownFileType = image.png; path = "setting@2x.png"; sourceTree = "<group>"; };
		B00A9086190E893E001499BF /* MMBaseTableViewController.h */ = {isa = PBXFileReference; fileEncoding = 4; lastKnownFileType = sourcecode.c.h; path = MMBaseTableViewController.h; sourceTree = "<group>"; };
		B00A9087190E893E001499BF /* MMBaseTableViewController.m */ = {isa = PBXFileReference; fileEncoding = 4; lastKnownFileType = sourcecode.c.objc; path = MMBaseTableViewController.m; sourceTree = "<group>"; };
		B00A9089190E9466001499BF /* MMSettingsViewController.h */ = {isa = PBXFileReference; fileEncoding = 4; lastKnownFileType = sourcecode.c.h; path = MMSettingsViewController.h; sourceTree = "<group>"; };
		B00A908A190E9466001499BF /* MMSettingsViewController.m */ = {isa = PBXFileReference; fileEncoding = 4; lastKnownFileType = sourcecode.c.objc; path = MMSettingsViewController.m; sourceTree = "<group>"; };
		B00A90981914BF41001499BF /* UIColor+Hex.h */ = {isa = PBXFileReference; fileEncoding = 4; lastKnownFileType = sourcecode.c.h; path = "UIColor+Hex.h"; sourceTree = "<group>"; };
		B00A90991914BF41001499BF /* UIColor+Hex.m */ = {isa = PBXFileReference; fileEncoding = 4; lastKnownFileType = sourcecode.c.objc; path = "UIColor+Hex.m"; sourceTree = "<group>"; };
		B00A909B19172CA3001499BF /* ja */ = {isa = PBXFileReference; lastKnownFileType = file.storyboard; name = ja; path = ja.lproj/MainStoryboard.storyboard; sourceTree = "<group>"; };
		B00A909D19173870001499BF /* MMSplashViewController.h */ = {isa = PBXFileReference; fileEncoding = 4; lastKnownFileType = sourcecode.c.h; path = MMSplashViewController.h; sourceTree = "<group>"; };
		B00A909E19173870001499BF /* MMSplashViewController.m */ = {isa = PBXFileReference; fileEncoding = 4; lastKnownFileType = sourcecode.c.objc; path = MMSplashViewController.m; sourceTree = "<group>"; };
		B00A909F19173870001499BF /* MMSplashViewController.xib */ = {isa = PBXFileReference; fileEncoding = 4; lastKnownFileType = file.xib; path = MMSplashViewController.xib; sourceTree = "<group>"; };
		B0214C7016EA28AE00431BEC /* QuartzCore.framework */ = {isa = PBXFileReference; lastKnownFileType = wrapper.framework; name = QuartzCore.framework; path = System/Library/Frameworks/QuartzCore.framework; sourceTree = SDKROOT; };
		B023D012165021480069382D /* ja */ = {isa = PBXFileReference; lastKnownFileType = text.plist.strings; name = ja; path = ja.lproj/InfoPlist.strings; sourceTree = "<group>"; };
		B0329583190BED990076205A /* Podfile */ = {isa = PBXFileReference; fileEncoding = 4; lastKnownFileType = text; path = Podfile; sourceTree = SOURCE_ROOT; xcLanguageSpecificationIdentifier = xcode.lang.ruby; };
		B0329588190CE8E90076205A /* list.png */ = {isa = PBXFileReference; lastKnownFileType = image.png; path = list.png; sourceTree = "<group>"; };
		B0329589190CE8E90076205A /* list@2x.png */ = {isa = PBXFileReference; lastKnownFileType = image.png; path = "list@2x.png"; sourceTree = "<group>"; };
		B032958A190CE8E90076205A /* location.png */ = {isa = PBXFileReference; lastKnownFileType = image.png; path = location.png; sourceTree = "<group>"; };
		B032958B190CE8E90076205A /* location@2x.png */ = {isa = PBXFileReference; lastKnownFileType = image.png; path = "location@2x.png"; sourceTree = "<group>"; };
		B032958C190CE8E90076205A /* search.png */ = {isa = PBXFileReference; lastKnownFileType = image.png; path = search.png; sourceTree = "<group>"; };
		B032958D190CE8E90076205A /* search@2x.png */ = {isa = PBXFileReference; lastKnownFileType = image.png; path = "search@2x.png"; sourceTree = "<group>"; };
		B032958E190CE8E90076205A /* trash.png */ = {isa = PBXFileReference; lastKnownFileType = image.png; path = trash.png; sourceTree = "<group>"; };
		B032958F190CE8E90076205A /* trash@2x.png */ = {isa = PBXFileReference; lastKnownFileType = image.png; path = "trash@2x.png"; sourceTree = "<group>"; };
		B03909A5169496E300A13586 /* CoreData.framework */ = {isa = PBXFileReference; lastKnownFileType = wrapper.framework; name = CoreData.framework; path = System/Library/Frameworks/CoreData.framework; sourceTree = SDKROOT; };
		B03909A7169496ED00A13586 /* SystemConfiguration.framework */ = {isa = PBXFileReference; lastKnownFileType = wrapper.framework; name = SystemConfiguration.framework; path = System/Library/Frameworks/SystemConfiguration.framework; sourceTree = SDKROOT; };
		B041808D16464F37000CD118 /* MMListViewController.h */ = {isa = PBXFileReference; fileEncoding = 4; lastKnownFileType = sourcecode.c.h; path = MMListViewController.h; sourceTree = "<group>"; };
		B041808E16464F37000CD118 /* MMListViewController.m */ = {isa = PBXFileReference; fileEncoding = 4; lastKnownFileType = sourcecode.c.objc; path = MMListViewController.m; sourceTree = "<group>"; };
		B04180901646658D000CD118 /* iAd.framework */ = {isa = PBXFileReference; lastKnownFileType = wrapper.framework; name = iAd.framework; path = System/Library/Frameworks/iAd.framework; sourceTree = SDKROOT; };
		B04CD55F16EA1F6100FCF3B6 /* MMLocationInformationViewController.h */ = {isa = PBXFileReference; fileEncoding = 4; lastKnownFileType = sourcecode.c.h; path = MMLocationInformationViewController.h; sourceTree = "<group>"; };
		B04CD56016EA1F6100FCF3B6 /* MMLocationInformationViewController.m */ = {isa = PBXFileReference; fileEncoding = 4; lastKnownFileType = sourcecode.c.objc; path = MMLocationInformationViewController.m; sourceTree = "<group>"; };
		B05F4957164FC6C2007B6F1C /* en */ = {isa = PBXFileReference; lastKnownFileType = text.plist.strings; name = en; path = en.lproj/Localizable.strings; sourceTree = "<group>"; };
		B05F4959164FC6F1007B6F1C /* ja */ = {isa = PBXFileReference; lastKnownFileType = text.plist.strings; name = ja; path = ja.lproj/Localizable.strings; sourceTree = "<group>"; };
		B09EFFDF16EAF2C800E7067B /* MMLicenseViewContoller.h */ = {isa = PBXFileReference; fileEncoding = 4; lastKnownFileType = sourcecode.c.h; path = MMLicenseViewContoller.h; sourceTree = "<group>"; };
		B09EFFE016EAF2C800E7067B /* MMLicenseViewContoller.m */ = {isa = PBXFileReference; fileEncoding = 4; lastKnownFileType = sourcecode.c.objc; path = MMLicenseViewContoller.m; sourceTree = "<group>"; };
		B0AA6692191773840005D5D4 /* en */ = {isa = PBXFileReference; lastKnownFileType = file.storyboard; name = en; path = en.lproj/MainStoryboard_iPad.storyboard; sourceTree = "<group>"; };
		B0AA66941917738B0005D5D4 /* ja */ = {isa = PBXFileReference; lastKnownFileType = file.storyboard; name = ja; path = ja.lproj/MainStoryboard_iPad.storyboard; sourceTree = "<group>"; };
		B0AA66971917CE960005D5D4 /* Icon-120.png */ = {isa = PBXFileReference; lastKnownFileType = image.png; path = "Icon-120.png"; sourceTree = "<group>"; };
		B0AA66981917CE960005D5D4 /* Icon-72.png */ = {isa = PBXFileReference; lastKnownFileType = image.png; path = "Icon-72.png"; sourceTree = "<group>"; };
		B0AA66991917CE960005D5D4 /* Icon-72@2x.png */ = {isa = PBXFileReference; lastKnownFileType = image.png; path = "Icon-72@2x.png"; sourceTree = "<group>"; };
		B0AA669A1917CE960005D5D4 /* Icon-76.png */ = {isa = PBXFileReference; lastKnownFileType = image.png; path = "Icon-76.png"; sourceTree = "<group>"; };
		B0AA669B1917CE960005D5D4 /* Icon-76@2x.png */ = {isa = PBXFileReference; lastKnownFileType = image.png; path = "Icon-76@2x.png"; sourceTree = "<group>"; };
		B0AA669C1917CE960005D5D4 /* Icon-iPad-Spotlight-iOS7@2x.png */ = {isa = PBXFileReference; lastKnownFileType = image.png; path = "Icon-iPad-Spotlight-iOS7@2x.png"; sourceTree = "<group>"; };
		B0AA669D1917CE960005D5D4 /* Icon-Small-50.png */ = {isa = PBXFileReference; lastKnownFileType = image.png; path = "Icon-Small-50.png"; sourceTree = "<group>"; };
		B0AA669E1917CE960005D5D4 /* Icon-Small.png */ = {isa = PBXFileReference; lastKnownFileType = image.png; path = "Icon-Small.png"; sourceTree = "<group>"; };
		B0AA669F1917CE960005D5D4 /* Icon-Small@2x.png */ = {isa = PBXFileReference; lastKnownFileType = image.png; path = "Icon-Small@2x.png"; sourceTree = "<group>"; };
		B0AA66A01917CE960005D5D4 /* Icon-Spotlight-iOS7.png */ = {isa = PBXFileReference; lastKnownFileType = image.png; path = "Icon-Spotlight-iOS7.png"; sourceTree = "<group>"; };
		B0AA66A11917CE960005D5D4 /* Icon-Spotlight-iOS7@2x.png */ = {isa = PBXFileReference; lastKnownFileType = image.png; path = "Icon-Spotlight-iOS7@2x.png"; sourceTree = "<group>"; };
		B0AA66A21917CE960005D5D4 /* Icon.png */ = {isa = PBXFileReference; lastKnownFileType = image.png; path = Icon.png; sourceTree = "<group>"; };
		B0AA66A31917CE960005D5D4 /* Icon@2x.png */ = {isa = PBXFileReference; lastKnownFileType = image.png; path = "Icon@2x.png"; sourceTree = "<group>"; };
		B0AE463B1642BB8D009B28FC /* MeasureMap.app */ = {isa = PBXFileReference; explicitFileType = wrapper.application; includeInIndex = 0; path = MeasureMap.app; sourceTree = BUILT_PRODUCTS_DIR; };
		B0AE463F1642BB8D009B28FC /* UIKit.framework */ = {isa = PBXFileReference; lastKnownFileType = wrapper.framework; name = UIKit.framework; path = System/Library/Frameworks/UIKit.framework; sourceTree = SDKROOT; };
		B0AE46411642BB8D009B28FC /* Foundation.framework */ = {isa = PBXFileReference; lastKnownFileType = wrapper.framework; name = Foundation.framework; path = System/Library/Frameworks/Foundation.framework; sourceTree = SDKROOT; };
		B0AE46431642BB8D009B28FC /* CoreGraphics.framework */ = {isa = PBXFileReference; lastKnownFileType = wrapper.framework; name = CoreGraphics.framework; path = System/Library/Frameworks/CoreGraphics.framework; sourceTree = SDKROOT; };
		B0AE46471642BB8D009B28FC /* MeasureMap-Info.plist */ = {isa = PBXFileReference; lastKnownFileType = text.plist.xml; path = "MeasureMap-Info.plist"; sourceTree = "<group>"; };
		B0AE46491642BB8D009B28FC /* en */ = {isa = PBXFileReference; lastKnownFileType = text.plist.strings; name = en; path = en.lproj/InfoPlist.strings; sourceTree = "<group>"; };
		B0AE464B1642BB8D009B28FC /* main.m */ = {isa = PBXFileReference; lastKnownFileType = sourcecode.c.objc; path = main.m; sourceTree = "<group>"; };
		B0AE464D1642BB8D009B28FC /* MeasureMap-Prefix.pch */ = {isa = PBXFileReference; lastKnownFileType = sourcecode.c.h; path = "MeasureMap-Prefix.pch"; sourceTree = "<group>"; };
		B0AE464E1642BB8D009B28FC /* MMAppDelegate.h */ = {isa = PBXFileReference; lastKnownFileType = sourcecode.c.h; path = MMAppDelegate.h; sourceTree = "<group>"; };
		B0AE464F1642BB8D009B28FC /* MMAppDelegate.m */ = {isa = PBXFileReference; lastKnownFileType = sourcecode.c.objc; path = MMAppDelegate.m; sourceTree = "<group>"; };
		B0AE46511642BB8D009B28FC /* Default.png */ = {isa = PBXFileReference; lastKnownFileType = image.png; path = Default.png; sourceTree = "<group>"; };
		B0AE46531642BB8D009B28FC /* Default@2x.png */ = {isa = PBXFileReference; lastKnownFileType = image.png; path = "Default@2x.png"; sourceTree = "<group>"; };
		B0AE46551642BB8D009B28FC /* Default-568h@2x.png */ = {isa = PBXFileReference; lastKnownFileType = image.png; path = "Default-568h@2x.png"; sourceTree = "<group>"; };
		B0AE46581642BB8D009B28FC /* en */ = {isa = PBXFileReference; lastKnownFileType = file.storyboard; name = en; path = en.lproj/MainStoryboard.storyboard; sourceTree = "<group>"; };
		B0AE465A1642BB8D009B28FC /* MMViewController.h */ = {isa = PBXFileReference; lastKnownFileType = sourcecode.c.h; path = MMViewController.h; sourceTree = "<group>"; };
		B0AE465B1642BB8D009B28FC /* MMViewController.m */ = {isa = PBXFileReference; lastKnownFileType = sourcecode.c.objc; path = MMViewController.m; sourceTree = "<group>"; };
		B0AE46661642BD44009B28FC /* MapKit.framework */ = {isa = PBXFileReference; lastKnownFileType = wrapper.framework; name = MapKit.framework; path = System/Library/Frameworks/MapKit.framework; sourceTree = SDKROOT; };
		B0AE46681642C116009B28FC /* CoreLocation.framework */ = {isa = PBXFileReference; lastKnownFileType = wrapper.framework; name = CoreLocation.framework; path = System/Library/Frameworks/CoreLocation.framework; sourceTree = SDKROOT; };
		B0EA13CF16F45E750022F52C /* MMCalloutButton.h */ = {isa = PBXFileReference; fileEncoding = 4; lastKnownFileType = sourcecode.c.h; path = MMCalloutButton.h; sourceTree = "<group>"; };
		B0EA13D016F45E760022F52C /* MMCalloutButton.m */ = {isa = PBXFileReference; fileEncoding = 4; lastKnownFileType = sourcecode.c.objc; path = MMCalloutButton.m; sourceTree = "<group>"; };
		B0EA13D216F47BCE0022F52C /* licenses.html */ = {isa = PBXFileReference; fileEncoding = 4; lastKnownFileType = text.html; path = licenses.html; sourceTree = "<group>"; };
		B0EA13D416F4D5F50022F52C /* UIViewController+MM.h */ = {isa = PBXFileReference; fileEncoding = 4; lastKnownFileType = sourcecode.c.h; path = "UIViewController+MM.h"; sourceTree = "<group>"; };
		B0EA13D516F4D5F50022F52C /* UIViewController+MM.m */ = {isa = PBXFileReference; fileEncoding = 4; lastKnownFileType = sourcecode.c.objc; path = "UIViewController+MM.m"; sourceTree = "<group>"; };
/* End PBXFileReference section */

/* Begin PBXFrameworksBuildPhase section */
		B0AE46381642BB8D009B28FC /* Frameworks */ = {
			isa = PBXFrameworksBuildPhase;
			buildActionMask = 2147483647;
			files = (
				B00A9080190E7B55001499BF /* StoreKit.framework in Frameworks */,
				B0214C7116EA28AE00431BEC /* QuartzCore.framework in Frameworks */,
				B03909A8169496ED00A13586 /* SystemConfiguration.framework in Frameworks */,
				B03909A6169496E300A13586 /* CoreData.framework in Frameworks */,
				B04180911646658D000CD118 /* iAd.framework in Frameworks */,
				B0AE46691642C116009B28FC /* CoreLocation.framework in Frameworks */,
				B0AE46671642BD44009B28FC /* MapKit.framework in Frameworks */,
				B0AE46401642BB8D009B28FC /* UIKit.framework in Frameworks */,
				B0AE46421642BB8D009B28FC /* Foundation.framework in Frameworks */,
				B0AE46441642BB8D009B28FC /* CoreGraphics.framework in Frameworks */,
				614AE6066B344063BE1ACD77 /* libPods.a in Frameworks */,
			);
			runOnlyForDeploymentPostprocessing = 0;
		};
/* End PBXFrameworksBuildPhase section */

/* Begin PBXGroup section */
		B00A907C190CEF8E001499BF /* MainView */ = {
			isa = PBXGroup;
			children = (
				B0AE465A1642BB8D009B28FC /* MMViewController.h */,
				B0AE465B1642BB8D009B28FC /* MMViewController.m */,
				B0EA13CF16F45E750022F52C /* MMCalloutButton.h */,
				B0EA13D016F45E760022F52C /* MMCalloutButton.m */,
			);
			name = MainView;
			sourceTree = "<group>";
		};
		B00A907D190CEFB0001499BF /* AssistView */ = {
			isa = PBXGroup;
			children = (
				B041808D16464F37000CD118 /* MMListViewController.h */,
				B041808E16464F37000CD118 /* MMListViewController.m */,
				B04CD55F16EA1F6100FCF3B6 /* MMLocationInformationViewController.h */,
				B04CD56016EA1F6100FCF3B6 /* MMLocationInformationViewController.m */,
				B09EFFDF16EAF2C800E7067B /* MMLicenseViewContoller.h */,
				B09EFFE016EAF2C800E7067B /* MMLicenseViewContoller.m */,
				B00A9089190E9466001499BF /* MMSettingsViewController.h */,
				B00A908A190E9466001499BF /* MMSettingsViewController.m */,
			);
			name = AssistView;
			sourceTree = "<group>";
		};
		B00A907E190CEFD6001499BF /* Common */ = {
			isa = PBXGroup;
			children = (
				B0EA13D416F4D5F50022F52C /* UIViewController+MM.h */,
				B0EA13D516F4D5F50022F52C /* UIViewController+MM.m */,
				B00A90981914BF41001499BF /* UIColor+Hex.h */,
				B00A90991914BF41001499BF /* UIColor+Hex.m */,
			);
			name = Common;
			sourceTree = "<group>";
		};
		B00A9085190E88D0001499BF /* Base */ = {
			isa = PBXGroup;
			children = (
				B00A9086190E893E001499BF /* MMBaseTableViewController.h */,
				B00A9087190E893E001499BF /* MMBaseTableViewController.m */,
			);
			name = Base;
			sourceTree = "<group>";
		};
		B00A909C1917382E001499BF /* Splash */ = {
			isa = PBXGroup;
			children = (
				B00A909D19173870001499BF /* MMSplashViewController.h */,
				B00A909E19173870001499BF /* MMSplashViewController.m */,
				B00A909F19173870001499BF /* MMSplashViewController.xib */,
			);
			name = Splash;
			sourceTree = "<group>";
		};
		B0329587190CE8E90076205A /* Images */ = {
			isa = PBXGroup;
			children = (
				B0329588190CE8E90076205A /* list.png */,
				B0329589190CE8E90076205A /* list@2x.png */,
				B032958A190CE8E90076205A /* location.png */,
				B032958B190CE8E90076205A /* location@2x.png */,
				B032958C190CE8E90076205A /* search.png */,
				B032958D190CE8E90076205A /* search@2x.png */,
				B032958E190CE8E90076205A /* trash.png */,
				B032958F190CE8E90076205A /* trash@2x.png */,
				B00A9081190E8019001499BF /* setting.png */,
				B00A9082190E8019001499BF /* setting@2x.png */,
			);
			path = Images;
			sourceTree = "<group>";
		};
		B0AA66961917CE960005D5D4 /* Icons */ = {
			isa = PBXGroup;
			children = (
				B0AA66971917CE960005D5D4 /* Icon-120.png */,
				B0AA66981917CE960005D5D4 /* Icon-72.png */,
				B0AA66991917CE960005D5D4 /* Icon-72@2x.png */,
				B0AA669A1917CE960005D5D4 /* Icon-76.png */,
				B0AA669B1917CE960005D5D4 /* Icon-76@2x.png */,
				B0AA669C1917CE960005D5D4 /* Icon-iPad-Spotlight-iOS7@2x.png */,
				B0AA669D1917CE960005D5D4 /* Icon-Small-50.png */,
				B0AA669E1917CE960005D5D4 /* Icon-Small.png */,
				B0AA669F1917CE960005D5D4 /* Icon-Small@2x.png */,
				B0AA66A01917CE960005D5D4 /* Icon-Spotlight-iOS7.png */,
				B0AA66A11917CE960005D5D4 /* Icon-Spotlight-iOS7@2x.png */,
				B0AA66A21917CE960005D5D4 /* Icon.png */,
				B0AA66A31917CE960005D5D4 /* Icon@2x.png */,
			);
			path = Icons;
			sourceTree = "<group>";
		};
		B0AE46301642BB8D009B28FC = {
			isa = PBXGroup;
			children = (
				B0AE46451642BB8D009B28FC /* MeasureMap */,
				B0AE463E1642BB8D009B28FC /* Frameworks */,
				B0AE463C1642BB8D009B28FC /* Products */,
				B0329583190BED990076205A /* Podfile */,
				4AAA6DB99E3C42328E3F7EBA /* Pods.xcconfig */,
			);
			sourceTree = "<group>";
		};
		B0AE463C1642BB8D009B28FC /* Products */ = {
			isa = PBXGroup;
			children = (
				B0AE463B1642BB8D009B28FC /* MeasureMap.app */,
			);
			name = Products;
			sourceTree = "<group>";
		};
		B0AE463E1642BB8D009B28FC /* Frameworks */ = {
			isa = PBXGroup;
			children = (
				B00A907F190E7B54001499BF /* StoreKit.framework */,
				B0214C7016EA28AE00431BEC /* QuartzCore.framework */,
				B03909A7169496ED00A13586 /* SystemConfiguration.framework */,
				B03909A5169496E300A13586 /* CoreData.framework */,
				B04180901646658D000CD118 /* iAd.framework */,
				B0AE46681642C116009B28FC /* CoreLocation.framework */,
				B0AE46661642BD44009B28FC /* MapKit.framework */,
				B0AE463F1642BB8D009B28FC /* UIKit.framework */,
				B0AE46411642BB8D009B28FC /* Foundation.framework */,
				B0AE46431642BB8D009B28FC /* CoreGraphics.framework */,
				7BAC4A0FAB6D458B929F74F0 /* libPods.a */,
			);
			name = Frameworks;
			sourceTree = "<group>";
		};
		B0AE46451642BB8D009B28FC /* MeasureMap */ = {
			isa = PBXGroup;
			children = (
				B0AE464E1642BB8D009B28FC /* MMAppDelegate.h */,
				B0AE464F1642BB8D009B28FC /* MMAppDelegate.m */,
				B0AE46571642BB8D009B28FC /* MainStoryboard.storyboard */,
				B0AA6693191773840005D5D4 /* MainStoryboard_iPad.storyboard */,
				B00A9085190E88D0001499BF /* Base */,
				B00A909C1917382E001499BF /* Splash */,
				B00A907C190CEF8E001499BF /* MainView */,
				B00A907D190CEFB0001499BF /* AssistView */,
				B00A907E190CEFD6001499BF /* Common */,
				B0AE46461642BB8D009B28FC /* Supporting Files */,
				B0329587190CE8E90076205A /* Images */,
			);
			path = MeasureMap;
			sourceTree = "<group>";
		};
		B0AE46461642BB8D009B28FC /* Supporting Files */ = {
			isa = PBXGroup;
			children = (
				B0AA66961917CE960005D5D4 /* Icons */,
				B0EA13D216F47BCE0022F52C /* licenses.html */,
				B0AE46471642BB8D009B28FC /* MeasureMap-Info.plist */,
				B0AE46481642BB8D009B28FC /* InfoPlist.strings */,
				B05F4958164FC6C2007B6F1C /* Localizable.strings */,
				B0AE464B1642BB8D009B28FC /* main.m */,
				B0AE464D1642BB8D009B28FC /* MeasureMap-Prefix.pch */,
				B0AE46511642BB8D009B28FC /* Default.png */,
				B0AE46531642BB8D009B28FC /* Default@2x.png */,
				B0AE46551642BB8D009B28FC /* Default-568h@2x.png */,
			);
			name = "Supporting Files";
			sourceTree = "<group>";
		};
/* End PBXGroup section */

/* Begin PBXNativeTarget section */
		B0AE463A1642BB8D009B28FC /* MeasureMap */ = {
			isa = PBXNativeTarget;
			buildConfigurationList = B0AE465F1642BB8D009B28FC /* Build configuration list for PBXNativeTarget "MeasureMap" */;
			buildPhases = (
				1527C1CE0EAE4A77819C2C93 /* Check Pods Manifest.lock */,
				B0AE46371642BB8D009B28FC /* Sources */,
				B0AE46381642BB8D009B28FC /* Frameworks */,
				B0AE46391642BB8D009B28FC /* Resources */,
				A5A8F8396D3E4B63BA1123AB /* Copy Pods Resources */,
			);
			buildRules = (
			);
			dependencies = (
			);
			name = MeasureMap;
			productName = MeasureMap;
			productReference = B0AE463B1642BB8D009B28FC /* MeasureMap.app */;
			productType = "com.apple.product-type.application";
		};
/* End PBXNativeTarget section */

/* Begin PBXProject section */
		B0AE46321642BB8D009B28FC /* Project object */ = {
			isa = PBXProject;
			attributes = {
				CLASSPREFIX = MM;
				LastUpgradeCheck = 0450;
				ORGANIZATIONNAME = REVERTO;
			};
			buildConfigurationList = B0AE46351642BB8D009B28FC /* Build configuration list for PBXProject "MeasureMap" */;
			compatibilityVersion = "Xcode 3.2";
			developmentRegion = English;
			hasScannedForEncodings = 0;
			knownRegions = (
				en,
				ja,
			);
			mainGroup = B0AE46301642BB8D009B28FC;
			productRefGroup = B0AE463C1642BB8D009B28FC /* Products */;
			projectDirPath = "";
			projectRoot = "";
			targets = (
				B0AE463A1642BB8D009B28FC /* MeasureMap */,
			);
		};
/* End PBXProject section */

/* Begin PBXResourcesBuildPhase section */
		B0AE46391642BB8D009B28FC /* Resources */ = {
			isa = PBXResourcesBuildPhase;
			buildActionMask = 2147483647;
			files = (
				B0AE464A1642BB8D009B28FC /* InfoPlist.strings in Resources */,
				B0329594190CE8E90076205A /* search.png in Resources */,
				B0329591190CE8E90076205A /* list@2x.png in Resources */,
				B0AA66AF1917CE960005D5D4 /* Icon-Spotlight-iOS7.png in Resources */,
				B0AA66B11917CE960005D5D4 /* Icon.png in Resources */,
				B0AA66A71917CE960005D5D4 /* Icon-72.png in Resources */,
				B0AE46521642BB8D009B28FC /* Default.png in Resources */,
				B0AE46541642BB8D009B28FC /* Default@2x.png in Resources */,
				B0AE46561642BB8D009B28FC /* Default-568h@2x.png in Resources */,
				B00A9084190E8019001499BF /* setting@2x.png in Resources */,
				B0AA66AD1917CE960005D5D4 /* Icon-Small.png in Resources */,
				B0AA66A81917CE960005D5D4 /* Icon-72@2x.png in Resources */,
				B0AA66A61917CE960005D5D4 /* Icon-120.png in Resources */,
				B0AA66AB1917CE960005D5D4 /* Icon-iPad-Spotlight-iOS7@2x.png in Resources */,
				B0AE46591642BB8D009B28FC /* MainStoryboard.storyboard in Resources */,
				B0AA66B01917CE960005D5D4 /* Icon-Spotlight-iOS7@2x.png in Resources */,
				B0AA66B21917CE960005D5D4 /* Icon@2x.png in Resources */,
				B0AA66AC1917CE960005D5D4 /* Icon-Small-50.png in Resources */,
				B05F4956164FC6C2007B6F1C /* Localizable.strings in Resources */,
				B0329597190CE8E90076205A /* trash@2x.png in Resources */,
				B0329592190CE8E90076205A /* location.png in Resources */,
				B0329595190CE8E90076205A /* search@2x.png in Resources */,
				B0329590190CE8E90076205A /* list.png in Resources */,
				B0329593190CE8E90076205A /* location@2x.png in Resources */,
				B0AA66A91917CE960005D5D4 /* Icon-76.png in Resources */,
				B0AA66AA1917CE960005D5D4 /* Icon-76@2x.png in Resources */,
				B00A90A119173870001499BF /* MMSplashViewController.xib in Resources */,
				B0AA66AE1917CE960005D5D4 /* Icon-Small@2x.png in Resources */,
				B0AA6691191773840005D5D4 /* MainStoryboard_iPad.storyboard in Resources */,
				B00A9083190E8019001499BF /* setting.png in Resources */,
				B0329584190BED990076205A /* Podfile in Resources */,
				B0329596190CE8E90076205A /* trash.png in Resources */,
				B0EA13D316F47BCE0022F52C /* licenses.html in Resources */,
			);
			runOnlyForDeploymentPostprocessing = 0;
		};
/* End PBXResourcesBuildPhase section */

/* Begin PBXShellScriptBuildPhase section */
		1527C1CE0EAE4A77819C2C93 /* Check Pods Manifest.lock */ = {
			isa = PBXShellScriptBuildPhase;
			buildActionMask = 2147483647;
			files = (
			);
			inputPaths = (
			);
			name = "Check Pods Manifest.lock";
			outputPaths = (
			);
			runOnlyForDeploymentPostprocessing = 0;
			shellPath = /bin/sh;
			shellScript = "diff \"${PODS_ROOT}/../Podfile.lock\" \"${PODS_ROOT}/Manifest.lock\" > /dev/null\nif [[ $? != 0 ]] ; then\n    cat << EOM\nerror: The sandbox is not in sync with the Podfile.lock. Run 'pod install' or update your CocoaPods installation.\nEOM\n    exit 1\nfi\n";
			showEnvVarsInLog = 0;
		};
		A5A8F8396D3E4B63BA1123AB /* Copy Pods Resources */ = {
			isa = PBXShellScriptBuildPhase;
			buildActionMask = 2147483647;
			files = (
			);
			inputPaths = (
			);
			name = "Copy Pods Resources";
			outputPaths = (
			);
			runOnlyForDeploymentPostprocessing = 0;
			shellPath = /bin/sh;
			shellScript = "\"${SRCROOT}/Pods/Pods-resources.sh\"\n";
			showEnvVarsInLog = 0;
		};
/* End PBXShellScriptBuildPhase section */

/* Begin PBXSourcesBuildPhase section */
		B0AE46371642BB8D009B28FC /* Sources */ = {
			isa = PBXSourcesBuildPhase;
			buildActionMask = 2147483647;
			files = (
				B0AE464C1642BB8D009B28FC /* main.m in Sources */,
				B00A909A1914BF41001499BF /* UIColor+Hex.m in Sources */,
				B0AE46501642BB8D009B28FC /* MMAppDelegate.m in Sources */,
				B0AE465C1642BB8D009B28FC /* MMViewController.m in Sources */,
				B041808F16464F37000CD118 /* MMListViewController.m in Sources */,
				B00A90A019173870001499BF /* MMSplashViewController.m in Sources */,
				B04CD56116EA1F6100FCF3B6 /* MMLocationInformationViewController.m in Sources */,
				B09EFFE116EAF2C800E7067B /* MMLicenseViewContoller.m in Sources */,
				B0EA13D116F45E760022F52C /* MMCalloutButton.m in Sources */,
				B00A9088190E893F001499BF /* MMBaseTableViewController.m in Sources */,
				B00A908B190E9466001499BF /* MMSettingsViewController.m in Sources */,
				B0EA13D616F4D5F60022F52C /* UIViewController+MM.m in Sources */,
			);
			runOnlyForDeploymentPostprocessing = 0;
		};
/* End PBXSourcesBuildPhase section */

/* Begin PBXVariantGroup section */
		B05F4958164FC6C2007B6F1C /* Localizable.strings */ = {
			isa = PBXVariantGroup;
			children = (
				B05F4957164FC6C2007B6F1C /* en */,
				B05F4959164FC6F1007B6F1C /* ja */,
			);
			name = Localizable.strings;
			sourceTree = "<group>";
		};
		B0AA6693191773840005D5D4 /* MainStoryboard_iPad.storyboard */ = {
			isa = PBXVariantGroup;
			children = (
				B0AA6692191773840005D5D4 /* en */,
				B0AA66941917738B0005D5D4 /* ja */,
			);
			name = MainStoryboard_iPad.storyboard;
			sourceTree = "<group>";
		};
		B0AE46481642BB8D009B28FC /* InfoPlist.strings */ = {
			isa = PBXVariantGroup;
			children = (
				B0AE46491642BB8D009B28FC /* en */,
				B023D012165021480069382D /* ja */,
			);
			name = InfoPlist.strings;
			sourceTree = "<group>";
		};
		B0AE46571642BB8D009B28FC /* MainStoryboard.storyboard */ = {
			isa = PBXVariantGroup;
			children = (
				B0AE46581642BB8D009B28FC /* en */,
				B00A909B19172CA3001499BF /* ja */,
			);
			name = MainStoryboard.storyboard;
			sourceTree = "<group>";
		};
/* End PBXVariantGroup section */

/* Begin XCBuildConfiguration section */
		B0AE465D1642BB8D009B28FC /* Debug */ = {
			isa = XCBuildConfiguration;
			buildSettings = {
				ALWAYS_SEARCH_USER_PATHS = NO;
				CLANG_CXX_LANGUAGE_STANDARD = "gnu++0x";
				CLANG_CXX_LIBRARY = "libc++";
				CLANG_ENABLE_OBJC_ARC = YES;
				CLANG_WARN_EMPTY_BODY = YES;
				CLANG_WARN__DUPLICATE_METHOD_MATCH = YES;
				"CODE_SIGN_IDENTITY[sdk=iphoneos*]" = "iPhone Developer";
				COPY_PHASE_STRIP = NO;
				GCC_C_LANGUAGE_STANDARD = gnu99;
				GCC_DYNAMIC_NO_PIC = NO;
				GCC_OPTIMIZATION_LEVEL = 0;
				GCC_PREPROCESSOR_DEFINITIONS = (
					"DEBUG=1",
					"$(inherited)",
				);
				GCC_SYMBOLS_PRIVATE_EXTERN = NO;
				GCC_WARN_ABOUT_RETURN_TYPE = YES;
				GCC_WARN_UNINITIALIZED_AUTOS = YES;
				GCC_WARN_UNUSED_VARIABLE = YES;
				IPHONEOS_DEPLOYMENT_TARGET = 6.1;
				ONLY_ACTIVE_ARCH = YES;
				SDKROOT = iphoneos;
			};
			name = Debug;
		};
		B0AE465E1642BB8D009B28FC /* Release */ = {
			isa = XCBuildConfiguration;
			buildSettings = {
				ALWAYS_SEARCH_USER_PATHS = NO;
				CLANG_CXX_LANGUAGE_STANDARD = "gnu++0x";
				CLANG_CXX_LIBRARY = "libc++";
				CLANG_ENABLE_OBJC_ARC = YES;
				CLANG_WARN_EMPTY_BODY = YES;
				CLANG_WARN__DUPLICATE_METHOD_MATCH = YES;
				"CODE_SIGN_IDENTITY[sdk=iphoneos*]" = "iPhone Developer";
				COPY_PHASE_STRIP = YES;
				GCC_C_LANGUAGE_STANDARD = gnu99;
				GCC_WARN_ABOUT_RETURN_TYPE = YES;
				GCC_WARN_UNINITIALIZED_AUTOS = YES;
				GCC_WARN_UNUSED_VARIABLE = YES;
				IPHONEOS_DEPLOYMENT_TARGET = 6.1;
				OTHER_CFLAGS = "-DNS_BLOCK_ASSERTIONS=1";
				SDKROOT = iphoneos;
				VALIDATE_PRODUCT = YES;
			};
			name = Release;
		};
		B0AE46601642BB8D009B28FC /* Debug */ = {
			isa = XCBuildConfiguration;
			baseConfigurationReference = 4AAA6DB99E3C42328E3F7EBA /* Pods.xcconfig */;
			buildSettings = {
				GCC_PRECOMPILE_PREFIX_HEADER = YES;
				GCC_PREFIX_HEADER = "MeasureMap/MeasureMap-Prefix.pch";
				INFOPLIST_FILE = "MeasureMap/MeasureMap-Info.plist";
				IPHONEOS_DEPLOYMENT_TARGET = 6.1;
				LIBRARY_SEARCH_PATHS = "$(inherited)";
				PRODUCT_NAME = "$(TARGET_NAME)";
				TARGETED_DEVICE_FAMILY = "1,2";
				WRAPPER_EXTENSION = app;
			};
			name = Debug;
		};
		B0AE46611642BB8D009B28FC /* Release */ = {
			isa = XCBuildConfiguration;
			baseConfigurationReference = 4AAA6DB99E3C42328E3F7EBA /* Pods.xcconfig */;
			buildSettings = {
				"CODE_SIGN_IDENTITY[sdk=iphoneos*]" = "iPhone Distribution: tomoyuki ito";
				GCC_PRECOMPILE_PREFIX_HEADER = YES;
				GCC_PREFIX_HEADER = "MeasureMap/MeasureMap-Prefix.pch";
				INFOPLIST_FILE = "MeasureMap/MeasureMap-Info.plist";
				IPHONEOS_DEPLOYMENT_TARGET = 6.1;
				LIBRARY_SEARCH_PATHS = "$(inherited)";
				PRODUCT_NAME = "$(TARGET_NAME)";
				PROVISIONING_PROFILE = "83E44AE6-660D-4151-8668-9A2D7D6A799E";
				"PROVISIONING_PROFILE[sdk=iphoneos*]" = "83E44AE6-660D-4151-8668-9A2D7D6A799E";
				TARGETED_DEVICE_FAMILY = "1,2";
				WRAPPER_EXTENSION = app;
			};
			name = Release;
		};
/* End XCBuildConfiguration section */

/* Begin XCConfigurationList section */
		B0AE46351642BB8D009B28FC /* Build configuration list for PBXProject "MeasureMap" */ = {
			isa = XCConfigurationList;
			buildConfigurations = (
				B0AE465D1642BB8D009B28FC /* Debug */,
				B0AE465E1642BB8D009B28FC /* Release */,
			);
			defaultConfigurationIsVisible = 0;
			defaultConfigurationName = Release;
		};
		B0AE465F1642BB8D009B28FC /* Build configuration list for PBXNativeTarget "MeasureMap" */ = {
			isa = XCConfigurationList;
			buildConfigurations = (
				B0AE46601642BB8D009B28FC /* Debug */,
				B0AE46611642BB8D009B28FC /* Release */,
			);
			defaultConfigurationIsVisible = 0;
			defaultConfigurationName = Release;
		};
/* End XCConfigurationList section */
	};
	rootObject = B0AE46321642BB8D009B28FC /* Project object */;
}
